
Microsoft Visual Studio Solution File, Format Version 12.00
# Visual Studio Version 17
VisualStudioVersion = 17.2.32616.157
MinimumVisualStudioVersion = 10.0.40219.1
Project("{FAE04EC0-301F-11D3-BF4B-00C04F79EFBC}") = "15.07.2022", "15.07.2022.csproj", "{24EFAAC2-8CA3-4137-95B3-C5AD8AC1FD45}"
EndProject
Global
	GlobalSection(SolutionConfigurationPlatforms) = preSolution
		Debug|Any CPU = Debug|Any CPU
		Release|Any CPU = Release|Any CPU
	EndGlobalSection
	GlobalSection(ProjectConfigurationPlatforms) = postSolution
		{24EFAAC2-8CA3-4137-95B3-C5AD8AC1FD45}.Debug|Any CPU.ActiveCfg = Debug|Any CPU
		{24EFAAC2-8CA3-4137-95B3-C5AD8AC1FD45}.Debug|Any CPU.Build.0 = Debug|Any CPU
		{24EFAAC2-8CA3-4137-95B3-C5AD8AC1FD45}.Release|Any CPU.ActiveCfg = Release|Any CPU
		{24EFAAC2-8CA3-4137-95B3-C5AD8AC1FD45}.Release|Any CPU.Build.0 = Release|Any CPU
	EndGlobalSection
	GlobalSection(SolutionProperties) = preSolution
		HideSolutionNode = FALSE
	EndGlobalSection
	GlobalSection(ExtensibilityGlobals) = postSolution
		SolutionGuid = {3EA93C6D-D59C-4FA7-AF3D-750A7A93EF9F}
	EndGlobalSection
EndGlobal
