
Microsoft Visual Studio Solution File, Format Version 12.00
# Visual Studio Version 17
VisualStudioVersion = 17.2.32616.157
MinimumVisualStudioVersion = 10.0.40219.1
Project("{FAE04EC0-301F-11D3-BF4B-00C04F79EFBC}") = "Test 15.07.2022", "Test 15.07.2022.csproj", "{48829227-30BA-46DD-9429-22A1973091AE}"
EndProject
Global
	GlobalSection(SolutionConfigurationPlatforms) = preSolution
		Debug|Any CPU = Debug|Any CPU
		Release|Any CPU = Release|Any CPU
	EndGlobalSection
	GlobalSection(ProjectConfigurationPlatforms) = postSolution
		{48829227-30BA-46DD-9429-22A1973091AE}.Debug|Any CPU.ActiveCfg = Debug|Any CPU
		{48829227-30BA-46DD-9429-22A1973091AE}.Debug|Any CPU.Build.0 = Debug|Any CPU
		{48829227-30BA-46DD-9429-22A1973091AE}.Release|Any CPU.ActiveCfg = Release|Any CPU
		{48829227-30BA-46DD-9429-22A1973091AE}.Release|Any CPU.Build.0 = Release|Any CPU
	EndGlobalSection
	GlobalSection(SolutionProperties) = preSolution
		HideSolutionNode = FALSE
	EndGlobalSection
	GlobalSection(ExtensibilityGlobals) = postSolution
		SolutionGuid = {6F129AFC-36B2-4E17-ADBE-006C2C6BBD8E}
	EndGlobalSection
EndGlobal
