
Microsoft Visual Studio Solution File, Format Version 12.00
# Visual Studio Version 17
VisualStudioVersion = 17.2.32616.157
MinimumVisualStudioVersion = 10.0.40219.1
Project("{FAE04EC0-301F-11D3-BF4B-00C04F79EFBC}") = "Task1", "Task1.csproj", "{CC6631E5-D5EC-494D-8C25-58C33DB58CE0}"
EndProject
Global
	GlobalSection(SolutionConfigurationPlatforms) = preSolution
		Debug|Any CPU = Debug|Any CPU
		Release|Any CPU = Release|Any CPU
	EndGlobalSection
	GlobalSection(ProjectConfigurationPlatforms) = postSolution
		{CC6631E5-D5EC-494D-8C25-58C33DB58CE0}.Debug|Any CPU.ActiveCfg = Debug|Any CPU
		{CC6631E5-D5EC-494D-8C25-58C33DB58CE0}.Debug|Any CPU.Build.0 = Debug|Any CPU
		{CC6631E5-D5EC-494D-8C25-58C33DB58CE0}.Release|Any CPU.ActiveCfg = Release|Any CPU
		{CC6631E5-D5EC-494D-8C25-58C33DB58CE0}.Release|Any CPU.Build.0 = Release|Any CPU
	EndGlobalSection
	GlobalSection(SolutionProperties) = preSolution
		HideSolutionNode = FALSE
	EndGlobalSection
	GlobalSection(ExtensibilityGlobals) = postSolution
		SolutionGuid = {57331E4C-BDFC-43B8-834D-7E349C55007B}
	EndGlobalSection
EndGlobal
