
Microsoft Visual Studio Solution File, Format Version 12.00
# Visual Studio Version 17
VisualStudioVersion = 17.2.32616.157
MinimumVisualStudioVersion = 10.0.40219.1
Project("{FAE04EC0-301F-11D3-BF4B-00C04F79EFBC}") = "Task 4.2 from the 15.07.2022", "Task 4.2 from the 15.07.2022.csproj", "{C57A8B18-641D-48A2-B792-88433B91EEC4}"
EndProject
Global
	GlobalSection(SolutionConfigurationPlatforms) = preSolution
		Debug|Any CPU = Debug|Any CPU
		Release|Any CPU = Release|Any CPU
	EndGlobalSection
	GlobalSection(ProjectConfigurationPlatforms) = postSolution
		{C57A8B18-641D-48A2-B792-88433B91EEC4}.Debug|Any CPU.ActiveCfg = Debug|Any CPU
		{C57A8B18-641D-48A2-B792-88433B91EEC4}.Debug|Any CPU.Build.0 = Debug|Any CPU
		{C57A8B18-641D-48A2-B792-88433B91EEC4}.Release|Any CPU.ActiveCfg = Release|Any CPU
		{C57A8B18-641D-48A2-B792-88433B91EEC4}.Release|Any CPU.Build.0 = Release|Any CPU
	EndGlobalSection
	GlobalSection(SolutionProperties) = preSolution
		HideSolutionNode = FALSE
	EndGlobalSection
	GlobalSection(ExtensibilityGlobals) = postSolution
		SolutionGuid = {1DFD225F-00DE-4605-886D-EC23F04799C8}
	EndGlobalSection
EndGlobal
